
Microsoft Visual Studio Solution File, Format Version 12.00
# Visual Studio Version 16
VisualStudioVersion = 16.0.29318.209
MinimumVisualStudioVersion = 10.0.40219.1
Project("{9A19103F-16F7-4668-BE54-9A1E7A4F7556}") = "ProTick", "ProTick\ProTick.csproj", "{D5E22C79-38F6-4C6C-BE17-556424C788B3}"
EndProject
Project("{9A19103F-16F7-4668-BE54-9A1E7A4F7556}") = "ProTickDatabase", "ProTickDatabase\ProTickDatabase.csproj", "{AF407509-5DE5-4A80-8E0D-C7ECAD8C922B}"
EndProject
Project("{FAE04EC0-301F-11D3-BF4B-00C04F79EFBC}") = "ProTickTest", "ProTickTest\ProTickTest.csproj", "{B35BA047-9B47-47B5-9961-A4ADC1AB9315}"
EndProject
Global
	GlobalSection(SolutionConfigurationPlatforms) = preSolution
		Debug|Any CPU = Debug|Any CPU
		Release|Any CPU = Release|Any CPU
	EndGlobalSection
	GlobalSection(ProjectConfigurationPlatforms) = postSolution
		{D5E22C79-38F6-4C6C-BE17-556424C788B3}.Debug|Any CPU.ActiveCfg = Debug|Any CPU
		{D5E22C79-38F6-4C6C-BE17-556424C788B3}.Debug|Any CPU.Build.0 = Debug|Any CPU
		{D5E22C79-38F6-4C6C-BE17-556424C788B3}.Release|Any CPU.ActiveCfg = Release|Any CPU
		{D5E22C79-38F6-4C6C-BE17-556424C788B3}.Release|Any CPU.Build.0 = Release|Any CPU
		{AF407509-5DE5-4A80-8E0D-C7ECAD8C922B}.Debug|Any CPU.ActiveCfg = Debug|Any CPU
		{AF407509-5DE5-4A80-8E0D-C7ECAD8C922B}.Debug|Any CPU.Build.0 = Debug|Any CPU
		{AF407509-5DE5-4A80-8E0D-C7ECAD8C922B}.Release|Any CPU.ActiveCfg = Release|Any CPU
		{AF407509-5DE5-4A80-8E0D-C7ECAD8C922B}.Release|Any CPU.Build.0 = Release|Any CPU
		{B35BA047-9B47-47B5-9961-A4ADC1AB9315}.Debug|Any CPU.ActiveCfg = Debug|Any CPU
		{B35BA047-9B47-47B5-9961-A4ADC1AB9315}.Debug|Any CPU.Build.0 = Debug|Any CPU
		{B35BA047-9B47-47B5-9961-A4ADC1AB9315}.Release|Any CPU.ActiveCfg = Release|Any CPU
		{B35BA047-9B47-47B5-9961-A4ADC1AB9315}.Release|Any CPU.Build.0 = Release|Any CPU
	EndGlobalSection
	GlobalSection(SolutionProperties) = preSolution
		HideSolutionNode = FALSE
	EndGlobalSection
	GlobalSection(ExtensibilityGlobals) = postSolution
		SolutionGuid = {69ABCAD1-885D-4067-B4F3-B63484BB5B23}
	EndGlobalSection
EndGlobal
