
Microsoft Visual Studio Solution File, Format Version 12.00
# Visual Studio 15
VisualStudioVersion = 15.0.28010.2026
MinimumVisualStudioVersion = 10.0.40219.1
Project("{9A19103F-16F7-4668-BE54-9A1E7A4F7556}") = "ProTick", "ProTick\ProTick.csproj", "{D5E22C79-38F6-4C6C-BE17-556424C788B3}"
EndProject
Project("{FAE04EC0-301F-11D3-BF4B-00C04F79EFBC}") = "ProTickDatabase", "ProTickDatabase\ProTickDatabase.csproj", "{AF407509-5DE5-4A80-8E0D-C7ECAD8C922B}"
EndProject
Global
	GlobalSection(SolutionConfigurationPlatforms) = preSolution
		Debug|Any CPU = Debug|Any CPU
		Release|Any CPU = Release|Any CPU
	EndGlobalSection
	GlobalSection(ProjectConfigurationPlatforms) = postSolution
		{D5E22C79-38F6-4C6C-BE17-556424C788B3}.Debug|Any CPU.ActiveCfg = Debug|Any CPU
		{D5E22C79-38F6-4C6C-BE17-556424C788B3}.Debug|Any CPU.Build.0 = Debug|Any CPU
		{D5E22C79-38F6-4C6C-BE17-556424C788B3}.Release|Any CPU.ActiveCfg = Release|Any CPU
		{D5E22C79-38F6-4C6C-BE17-556424C788B3}.Release|Any CPU.Build.0 = Release|Any CPU
		{AF407509-5DE5-4A80-8E0D-C7ECAD8C922B}.Debug|Any CPU.ActiveCfg = Debug|Any CPU
		{AF407509-5DE5-4A80-8E0D-C7ECAD8C922B}.Debug|Any CPU.Build.0 = Debug|Any CPU
		{AF407509-5DE5-4A80-8E0D-C7ECAD8C922B}.Release|Any CPU.ActiveCfg = Release|Any CPU
		{AF407509-5DE5-4A80-8E0D-C7ECAD8C922B}.Release|Any CPU.Build.0 = Release|Any CPU
	EndGlobalSection
	GlobalSection(SolutionProperties) = preSolution
		HideSolutionNode = FALSE
	EndGlobalSection
	GlobalSection(ExtensibilityGlobals) = postSolution
		SolutionGuid = {69ABCAD1-885D-4067-B4F3-B63484BB5B23}
	EndGlobalSection
EndGlobal
